// !$*UTF8*$!
{
	archiveVersion = 1;
	classes = {
	};
	objectVersion = 50;
	objects = {

/* Begin PBXBuildFile section */
		BD04B13526C5513800C9D23B /* KindOfWineTableViewController.swift in Sources */ = {isa = PBXBuildFile; fileRef = BD04B13426C5513800C9D23B /* KindOfWineTableViewController.swift */; };
		BD13F8A326CD4D470099482B /* ReviewCellTableViewCell.swift in Sources */ = {isa = PBXBuildFile; fileRef = BD13F8A226CD4D470099482B /* ReviewCellTableViewCell.swift */; };
		BD13F8A726CE831C0099482B /* 17999_bookmark_favorite_star_icon.png in Resources */ = {isa = PBXBuildFile; fileRef = BD13F8A626CE831C0099482B /* 17999_bookmark_favorite_star_icon.png */; };
		BD13F8A926CE832D0099482B /* 1169174_dislike_down_hand_media_social_icon.png in Resources */ = {isa = PBXBuildFile; fileRef = BD13F8A826CE832D0099482B /* 1169174_dislike_down_hand_media_social_icon.png */; };
		BD13F8AB26CE83550099482B /* 815262_bookmark_favorite_health_heart_like_icon.png in Resources */ = {isa = PBXBuildFile; fileRef = BD13F8AA26CE83550099482B /* 815262_bookmark_favorite_health_heart_like_icon.png */; };
		BD2BC02526CBF33300613066 /* ParticularWineViewController.swift in Sources */ = {isa = PBXBuildFile; fileRef = BD2BC02426CBF33300613066 /* ParticularWineViewController.swift */; };
		BD343F3426BEB0E600E7F952 /* шампанское.jpeg in Resources */ = {isa = PBXBuildFile; fileRef = BD343F3326BEB0E600E7F952 /* шампанское.jpeg */; };
		BD343F3626BEB11400E7F952 /* белое вино.jpeg in Resources */ = {isa = PBXBuildFile; fileRef = BD343F3526BEB11400E7F952 /* белое вино.jpeg */; };
		BD343F3826BEB12700E7F952 /* красное вино.jpeg in Resources */ = {isa = PBXBuildFile; fileRef = BD343F3726BEB12700E7F952 /* красное вино.jpeg */; };
		BD343F3A26BEB13D00E7F952 /* розовое.jpeg in Resources */ = {isa = PBXBuildFile; fileRef = BD343F3926BEB13D00E7F952 /* розовое.jpeg */; };
		BD343F3D26BEC01600E7F952 /* TableViewCell.swift in Sources */ = {isa = PBXBuildFile; fileRef = BD343F3C26BEC01600E7F952 /* TableViewCell.swift */; };
		BDD0063326BBE60B00581353 /* AppDelegate.swift in Sources */ = {isa = PBXBuildFile; fileRef = BDD0063226BBE60B00581353 /* AppDelegate.swift */; };
		BDD0063526BBE60B00581353 /* SceneDelegate.swift in Sources */ = {isa = PBXBuildFile; fileRef = BDD0063426BBE60B00581353 /* SceneDelegate.swift */; };
		BDD0063726BBE60B00581353 /* ViewController.swift in Sources */ = {isa = PBXBuildFile; fileRef = BDD0063626BBE60B00581353 /* ViewController.swift */; };
		BDD0063A26BBE60B00581353 /* Main.storyboard in Resources */ = {isa = PBXBuildFile; fileRef = BDD0063826BBE60B00581353 /* Main.storyboard */; };
		BDD0063C26BBE60D00581353 /* Assets.xcassets in Resources */ = {isa = PBXBuildFile; fileRef = BDD0063B26BBE60D00581353 /* Assets.xcassets */; };
		BDD0063F26BBE60D00581353 /* LaunchScreen.storyboard in Resources */ = {isa = PBXBuildFile; fileRef = BDD0063D26BBE60D00581353 /* LaunchScreen.storyboard */; };
		BDD0064726BBFA5600581353 /* Model.swift in Sources */ = {isa = PBXBuildFile; fileRef = BDD0064626BBFA5600581353 /* Model.swift */; };
		BDD0066D26BD55C300581353 /* AllWinesController.swift in Sources */ = {isa = PBXBuildFile; fileRef = BDD0066C26BD55C300581353 /* AllWinesController.swift */; };
		BDD0066F26BD709700581353 /* погреб.jpeg in Resources */ = {isa = PBXBuildFile; fileRef = BDD0066E26BD709700581353 /* погреб.jpeg */; };
		BDD0067126BD74FF00581353 /* вина.jpeg in Resources */ = {isa = PBXBuildFile; fileRef = BDD0067026BD74FF00581353 /* вина.jpeg */; };
/* End PBXBuildFile section */

/* Begin PBXFileReference section */
		BD04B13426C5513800C9D23B /* KindOfWineTableViewController.swift */ = {isa = PBXFileReference; lastKnownFileType = sourcecode.swift; path = KindOfWineTableViewController.swift; sourceTree = "<group>"; };
		BD13F8A226CD4D470099482B /* ReviewCellTableViewCell.swift */ = {isa = PBXFileReference; lastKnownFileType = sourcecode.swift; path = ReviewCellTableViewCell.swift; sourceTree = "<group>"; };
		BD13F8A626CE831C0099482B /* 17999_bookmark_favorite_star_icon.png */ = {isa = PBXFileReference; lastKnownFileType = image.png; name = 17999_bookmark_favorite_star_icon.png; path = ../../../../../Downloads/17999_bookmark_favorite_star_icon.png; sourceTree = "<group>"; };
		BD13F8A826CE832D0099482B /* 1169174_dislike_down_hand_media_social_icon.png */ = {isa = PBXFileReference; lastKnownFileType = image.png; name = 1169174_dislike_down_hand_media_social_icon.png; path = ../../../../../Downloads/1169174_dislike_down_hand_media_social_icon.png; sourceTree = "<group>"; };
		BD13F8AA26CE83550099482B /* 815262_bookmark_favorite_health_heart_like_icon.png */ = {isa = PBXFileReference; lastKnownFileType = image.png; name = 815262_bookmark_favorite_health_heart_like_icon.png; path = ../../../../../Downloads/815262_bookmark_favorite_health_heart_like_icon.png; sourceTree = "<group>"; };
		BD2BC02426CBF33300613066 /* ParticularWineViewController.swift */ = {isa = PBXFileReference; lastKnownFileType = sourcecode.swift; path = ParticularWineViewController.swift; sourceTree = "<group>"; };
		BD343F3326BEB0E600E7F952 /* шампанское.jpeg */ = {isa = PBXFileReference; lastKnownFileType = image.jpeg; path = "шампанское.jpeg"; sourceTree = "<group>"; };
		BD343F3526BEB11400E7F952 /* белое вино.jpeg */ = {isa = PBXFileReference; lastKnownFileType = image.jpeg; path = "белое вино.jpeg"; sourceTree = "<group>"; };
		BD343F3726BEB12700E7F952 /* красное вино.jpeg */ = {isa = PBXFileReference; lastKnownFileType = image.jpeg; path = "красное вино.jpeg"; sourceTree = "<group>"; };
		BD343F3926BEB13D00E7F952 /* розовое.jpeg */ = {isa = PBXFileReference; lastKnownFileType = image.jpeg; path = "розовое.jpeg"; sourceTree = "<group>"; };
		BD343F3C26BEC01600E7F952 /* TableViewCell.swift */ = {isa = PBXFileReference; lastKnownFileType = sourcecode.swift; path = TableViewCell.swift; sourceTree = "<group>"; };
		BDD0062F26BBE60B00581353 /* Wine.app */ = {isa = PBXFileReference; explicitFileType = wrapper.application; includeInIndex = 0; path = Wine.app; sourceTree = BUILT_PRODUCTS_DIR; };
		BDD0063226BBE60B00581353 /* AppDelegate.swift */ = {isa = PBXFileReference; lastKnownFileType = sourcecode.swift; path = AppDelegate.swift; sourceTree = "<group>"; };
		BDD0063426BBE60B00581353 /* SceneDelegate.swift */ = {isa = PBXFileReference; lastKnownFileType = sourcecode.swift; path = SceneDelegate.swift; sourceTree = "<group>"; };
		BDD0063626BBE60B00581353 /* ViewController.swift */ = {isa = PBXFileReference; lastKnownFileType = sourcecode.swift; path = ViewController.swift; sourceTree = "<group>"; };
		BDD0063926BBE60B00581353 /* Base */ = {isa = PBXFileReference; lastKnownFileType = file.storyboard; name = Base; path = Base.lproj/Main.storyboard; sourceTree = "<group>"; };
		BDD0063B26BBE60D00581353 /* Assets.xcassets */ = {isa = PBXFileReference; lastKnownFileType = folder.assetcatalog; path = Assets.xcassets; sourceTree = "<group>"; };
		BDD0063E26BBE60D00581353 /* Base */ = {isa = PBXFileReference; lastKnownFileType = file.storyboard; name = Base; path = Base.lproj/LaunchScreen.storyboard; sourceTree = "<group>"; };
		BDD0064026BBE60D00581353 /* Info.plist */ = {isa = PBXFileReference; lastKnownFileType = text.plist.xml; path = Info.plist; sourceTree = "<group>"; };
		BDD0064626BBFA5600581353 /* Model.swift */ = {isa = PBXFileReference; lastKnownFileType = sourcecode.swift; path = Model.swift; sourceTree = "<group>"; };
		BDD0066C26BD55C300581353 /* AllWinesController.swift */ = {isa = PBXFileReference; lastKnownFileType = sourcecode.swift; path = AllWinesController.swift; sourceTree = "<group>"; };
		BDD0066E26BD709700581353 /* погреб.jpeg */ = {isa = PBXFileReference; lastKnownFileType = image.jpeg; path = "погреб.jpeg"; sourceTree = "<group>"; };
		BDD0067026BD74FF00581353 /* вина.jpeg */ = {isa = PBXFileReference; lastKnownFileType = image.jpeg; path = "вина.jpeg"; sourceTree = "<group>"; };
/* End PBXFileReference section */

/* Begin PBXFrameworksBuildPhase section */
		BDD0062C26BBE60B00581353 /* Frameworks */ = {
			isa = PBXFrameworksBuildPhase;
			buildActionMask = 2147483647;
			files = (
			);
			runOnlyForDeploymentPostprocessing = 0;
		};
/* End PBXFrameworksBuildPhase section */

/* Begin PBXGroup section */
		BD343F3B26BEB23300E7F952 /* Картинки */ = {
			isa = PBXGroup;
			children = (
				BDD0067026BD74FF00581353 /* вина.jpeg */,
				BD343F3926BEB13D00E7F952 /* розовое.jpeg */,
				BDD0066E26BD709700581353 /* погреб.jpeg */,
				BD343F3326BEB0E600E7F952 /* шампанское.jpeg */,
				BD343F3526BEB11400E7F952 /* белое вино.jpeg */,
				BD13F8A826CE832D0099482B /* 1169174_dislike_down_hand_media_social_icon.png */,
				BD13F8AA26CE83550099482B /* 815262_bookmark_favorite_health_heart_like_icon.png */,
				BD13F8A626CE831C0099482B /* 17999_bookmark_favorite_star_icon.png */,
				BD343F3726BEB12700E7F952 /* красное вино.jpeg */,
			);
			path = "Картинки";
			sourceTree = "<group>";
		};
		BDD0062626BBE60B00581353 = {
			isa = PBXGroup;
			children = (
				BDD0063126BBE60B00581353 /* Wine */,
				BDD0063026BBE60B00581353 /* Products */,
			);
			sourceTree = "<group>";
		};
		BDD0063026BBE60B00581353 /* Products */ = {
			isa = PBXGroup;
			children = (
				BDD0062F26BBE60B00581353 /* Wine.app */,
			);
			name = Products;
			sourceTree = "<group>";
		};
		BDD0063126BBE60B00581353 /* Wine */ = {
			isa = PBXGroup;
			children = (
				BDD0063226BBE60B00581353 /* AppDelegate.swift */,
				BDD0063426BBE60B00581353 /* SceneDelegate.swift */,
				BDD0066C26BD55C300581353 /* AllWinesController.swift */,
				BD343F3C26BEC01600E7F952 /* TableViewCell.swift */,
				BD04B13426C5513800C9D23B /* KindOfWineTableViewController.swift */,
				BD13F8A226CD4D470099482B /* ReviewCellTableViewCell.swift */,
				BD2BC02426CBF33300613066 /* ParticularWineViewController.swift */,
				BD343F3B26BEB23300E7F952 /* Картинки */,
				BDD0064626BBFA5600581353 /* Model.swift */,
				BDD0063626BBE60B00581353 /* ViewController.swift */,
				BDD0063826BBE60B00581353 /* Main.storyboard */,
				BDD0063B26BBE60D00581353 /* Assets.xcassets */,
				BDD0063D26BBE60D00581353 /* LaunchScreen.storyboard */,
				BDD0064026BBE60D00581353 /* Info.plist */,
			);
			path = Wine;
			sourceTree = "<group>";
		};
/* End PBXGroup section */

/* Begin PBXNativeTarget section */
		BDD0062E26BBE60B00581353 /* Wine */ = {
			isa = PBXNativeTarget;
			buildConfigurationList = BDD0064326BBE60D00581353 /* Build configuration list for PBXNativeTarget "Wine" */;
			buildPhases = (
				BDD0062B26BBE60B00581353 /* Sources */,
				BDD0062C26BBE60B00581353 /* Frameworks */,
				BDD0062D26BBE60B00581353 /* Resources */,
			);
			buildRules = (
			);
			dependencies = (
			);
			name = Wine;
			productName = Wine;
			productReference = BDD0062F26BBE60B00581353 /* Wine.app */;
			productType = "com.apple.product-type.application";
		};
/* End PBXNativeTarget section */

/* Begin PBXProject section */
		BDD0062726BBE60B00581353 /* Project object */ = {
			isa = PBXProject;
			attributes = {
				LastSwiftUpdateCheck = 1250;
				LastUpgradeCheck = 1250;
				TargetAttributes = {
					BDD0062E26BBE60B00581353 = {
						CreatedOnToolsVersion = 12.5.1;
					};
				};
			};
			buildConfigurationList = BDD0062A26BBE60B00581353 /* Build configuration list for PBXProject "Wine" */;
			compatibilityVersion = "Xcode 9.3";
			developmentRegion = en;
			hasScannedForEncodings = 0;
			knownRegions = (
				en,
				Base,
			);
			mainGroup = BDD0062626BBE60B00581353;
			productRefGroup = BDD0063026BBE60B00581353 /* Products */;
			projectDirPath = "";
			projectRoot = "";
			targets = (
				BDD0062E26BBE60B00581353 /* Wine */,
			);
		};
/* End PBXProject section */

/* Begin PBXResourcesBuildPhase section */
		BDD0062D26BBE60B00581353 /* Resources */ = {
			isa = PBXResourcesBuildPhase;
			buildActionMask = 2147483647;
			files = (
				BD343F3A26BEB13D00E7F952 /* розовое.jpeg in Resources */,
				BDD0063F26BBE60D00581353 /* LaunchScreen.storyboard in Resources */,
				BD13F8AB26CE83550099482B /* 815262_bookmark_favorite_health_heart_like_icon.png in Resources */,
				BDD0066F26BD709700581353 /* погреб.jpeg in Resources */,
				BDD0067126BD74FF00581353 /* вина.jpeg in Resources */,
				BD13F8A726CE831C0099482B /* 17999_bookmark_favorite_star_icon.png in Resources */,
				BDD0063C26BBE60D00581353 /* Assets.xcassets in Resources */,
				BD13F8A926CE832D0099482B /* 1169174_dislike_down_hand_media_social_icon.png in Resources */,
				BDD0063A26BBE60B00581353 /* Main.storyboard in Resources */,
				BD343F3826BEB12700E7F952 /* красное вино.jpeg in Resources */,
				BD343F3626BEB11400E7F952 /* белое вино.jpeg in Resources */,
				BD343F3426BEB0E600E7F952 /* шампанское.jpeg in Resources */,
			);
			runOnlyForDeploymentPostprocessing = 0;
		};
/* End PBXResourcesBuildPhase section */

/* Begin PBXSourcesBuildPhase section */
		BDD0062B26BBE60B00581353 /* Sources */ = {
			isa = PBXSourcesBuildPhase;
			buildActionMask = 2147483647;
			files = (
				BDD0063726BBE60B00581353 /* ViewController.swift in Sources */,
				BDD0063326BBE60B00581353 /* AppDelegate.swift in Sources */,
				BDD0063526BBE60B00581353 /* SceneDelegate.swift in Sources */,
				BD343F3D26BEC01600E7F952 /* TableViewCell.swift in Sources */,
				BD04B13526C5513800C9D23B /* KindOfWineTableViewController.swift in Sources */,
				BDD0066D26BD55C300581353 /* AllWinesController.swift in Sources */,
				BD13F8A326CD4D470099482B /* ReviewCellTableViewCell.swift in Sources */,
				BD2BC02526CBF33300613066 /* ParticularWineViewController.swift in Sources */,
				BDD0064726BBFA5600581353 /* Model.swift in Sources */,
			);
			runOnlyForDeploymentPostprocessing = 0;
		};
/* End PBXSourcesBuildPhase section */

/* Begin PBXVariantGroup section */
		BDD0063826BBE60B00581353 /* Main.storyboard */ = {
			isa = PBXVariantGroup;
			children = (
				BDD0063926BBE60B00581353 /* Base */,
			);
			name = Main.storyboard;
			sourceTree = "<group>";
		};
		BDD0063D26BBE60D00581353 /* LaunchScreen.storyboard */ = {
			isa = PBXVariantGroup;
			children = (
				BDD0063E26BBE60D00581353 /* Base */,
			);
			name = LaunchScreen.storyboard;
			sourceTree = "<group>";
		};
/* End PBXVariantGroup section */

/* Begin XCBuildConfiguration section */
		BDD0064126BBE60D00581353 /* Debug */ = {
			isa = XCBuildConfiguration;
			buildSettings = {
				ALWAYS_SEARCH_USER_PATHS = NO;
				CLANG_ANALYZER_NONNULL = YES;
				CLANG_ANALYZER_NUMBER_OBJECT_CONVERSION = YES_AGGRESSIVE;
				CLANG_CXX_LANGUAGE_STANDARD = "gnu++14";
				CLANG_CXX_LIBRARY = "libc++";
				CLANG_ENABLE_MODULES = YES;
				CLANG_ENABLE_OBJC_ARC = YES;
				CLANG_ENABLE_OBJC_WEAK = YES;
				CLANG_WARN_BLOCK_CAPTURE_AUTORELEASING = YES;
				CLANG_WARN_BOOL_CONVERSION = YES;
				CLANG_WARN_COMMA = YES;
				CLANG_WARN_CONSTANT_CONVERSION = YES;
				CLANG_WARN_DEPRECATED_OBJC_IMPLEMENTATIONS = YES;
				CLANG_WARN_DIRECT_OBJC_ISA_USAGE = YES_ERROR;
				CLANG_WARN_DOCUMENTATION_COMMENTS = YES;
				CLANG_WARN_EMPTY_BODY = YES;
				CLANG_WARN_ENUM_CONVERSION = YES;
				CLANG_WARN_INFINITE_RECURSION = YES;
				CLANG_WARN_INT_CONVERSION = YES;
				CLANG_WARN_NON_LITERAL_NULL_CONVERSION = YES;
				CLANG_WARN_OBJC_IMPLICIT_RETAIN_SELF = YES;
				CLANG_WARN_OBJC_LITERAL_CONVERSION = YES;
				CLANG_WARN_OBJC_ROOT_CLASS = YES_ERROR;
				CLANG_WARN_QUOTED_INCLUDE_IN_FRAMEWORK_HEADER = YES;
				CLANG_WARN_RANGE_LOOP_ANALYSIS = YES;
				CLANG_WARN_STRICT_PROTOTYPES = YES;
				CLANG_WARN_SUSPICIOUS_MOVE = YES;
				CLANG_WARN_UNGUARDED_AVAILABILITY = YES_AGGRESSIVE;
				CLANG_WARN_UNREACHABLE_CODE = YES;
				CLANG_WARN__DUPLICATE_METHOD_MATCH = YES;
				COPY_PHASE_STRIP = NO;
				DEBUG_INFORMATION_FORMAT = dwarf;
				ENABLE_STRICT_OBJC_MSGSEND = YES;
				ENABLE_TESTABILITY = YES;
				GCC_C_LANGUAGE_STANDARD = gnu11;
				GCC_DYNAMIC_NO_PIC = NO;
				GCC_NO_COMMON_BLOCKS = YES;
				GCC_OPTIMIZATION_LEVEL = 0;
				GCC_PREPROCESSOR_DEFINITIONS = (
					"DEBUG=1",
					"$(inherited)",
				);
				GCC_WARN_64_TO_32_BIT_CONVERSION = YES;
				GCC_WARN_ABOUT_RETURN_TYPE = YES_ERROR;
				GCC_WARN_UNDECLARED_SELECTOR = YES;
				GCC_WARN_UNINITIALIZED_AUTOS = YES_AGGRESSIVE;
				GCC_WARN_UNUSED_FUNCTION = YES;
				GCC_WARN_UNUSED_VARIABLE = YES;
				IPHONEOS_DEPLOYMENT_TARGET = 14.5;
				MTL_ENABLE_DEBUG_INFO = INCLUDE_SOURCE;
				MTL_FAST_MATH = YES;
				ONLY_ACTIVE_ARCH = YES;
				SDKROOT = iphoneos;
				SWIFT_ACTIVE_COMPILATION_CONDITIONS = DEBUG;
				SWIFT_OPTIMIZATION_LEVEL = "-Onone";
			};
			name = Debug;
		};
		BDD0064226BBE60D00581353 /* Release */ = {
			isa = XCBuildConfiguration;
			buildSettings = {
				ALWAYS_SEARCH_USER_PATHS = NO;
				CLANG_ANALYZER_NONNULL = YES;
				CLANG_ANALYZER_NUMBER_OBJECT_CONVERSION = YES_AGGRESSIVE;
				CLANG_CXX_LANGUAGE_STANDARD = "gnu++14";
				CLANG_CXX_LIBRARY = "libc++";
				CLANG_ENABLE_MODULES = YES;
				CLANG_ENABLE_OBJC_ARC = YES;
				CLANG_ENABLE_OBJC_WEAK = YES;
				CLANG_WARN_BLOCK_CAPTURE_AUTORELEASING = YES;
				CLANG_WARN_BOOL_CONVERSION = YES;
				CLANG_WARN_COMMA = YES;
				CLANG_WARN_CONSTANT_CONVERSION = YES;
				CLANG_WARN_DEPRECATED_OBJC_IMPLEMENTATIONS = YES;
				CLANG_WARN_DIRECT_OBJC_ISA_USAGE = YES_ERROR;
				CLANG_WARN_DOCUMENTATION_COMMENTS = YES;
				CLANG_WARN_EMPTY_BODY = YES;
				CLANG_WARN_ENUM_CONVERSION = YES;
				CLANG_WARN_INFINITE_RECURSION = YES;
				CLANG_WARN_INT_CONVERSION = YES;
				CLANG_WARN_NON_LITERAL_NULL_CONVERSION = YES;
				CLANG_WARN_OBJC_IMPLICIT_RETAIN_SELF = YES;
				CLANG_WARN_OBJC_LITERAL_CONVERSION = YES;
				CLANG_WARN_OBJC_ROOT_CLASS = YES_ERROR;
				CLANG_WARN_QUOTED_INCLUDE_IN_FRAMEWORK_HEADER = YES;
				CLANG_WARN_RANGE_LOOP_ANALYSIS = YES;
				CLANG_WARN_STRICT_PROTOTYPES = YES;
				CLANG_WARN_SUSPICIOUS_MOVE = YES;
				CLANG_WARN_UNGUARDED_AVAILABILITY = YES_AGGRESSIVE;
				CLANG_WARN_UNREACHABLE_CODE = YES;
				CLANG_WARN__DUPLICATE_METHOD_MATCH = YES;
				COPY_PHASE_STRIP = NO;
				DEBUG_INFORMATION_FORMAT = "dwarf-with-dsym";
				ENABLE_NS_ASSERTIONS = NO;
				ENABLE_STRICT_OBJC_MSGSEND = YES;
				GCC_C_LANGUAGE_STANDARD = gnu11;
				GCC_NO_COMMON_BLOCKS = YES;
				GCC_WARN_64_TO_32_BIT_CONVERSION = YES;
				GCC_WARN_ABOUT_RETURN_TYPE = YES_ERROR;
				GCC_WARN_UNDECLARED_SELECTOR = YES;
				GCC_WARN_UNINITIALIZED_AUTOS = YES_AGGRESSIVE;
				GCC_WARN_UNUSED_FUNCTION = YES;
				GCC_WARN_UNUSED_VARIABLE = YES;
				IPHONEOS_DEPLOYMENT_TARGET = 14.5;
				MTL_ENABLE_DEBUG_INFO = NO;
				MTL_FAST_MATH = YES;
				SDKROOT = iphoneos;
				SWIFT_COMPILATION_MODE = wholemodule;
				SWIFT_OPTIMIZATION_LEVEL = "-O";
				VALIDATE_PRODUCT = YES;
			};
			name = Release;
		};
		BDD0064426BBE60D00581353 /* Debug */ = {
			isa = XCBuildConfiguration;
			buildSettings = {
				ASSETCATALOG_COMPILER_APPICON_NAME = AppIcon;
				ASSETCATALOG_COMPILER_GLOBAL_ACCENT_COLOR_NAME = AccentColor;
				CODE_SIGN_STYLE = Automatic;
				DEVELOPMENT_TEAM = 52Q5534KZM;
				INFOPLIST_FILE = Wine/Info.plist;
				LD_RUNPATH_SEARCH_PATHS = (
					"$(inherited)",
					"@executable_path/Frameworks",
				);
				PRODUCT_BUNDLE_IDENTIFIER = galina.Wine;
				PRODUCT_NAME = "$(TARGET_NAME)";
				SWIFT_VERSION = 5.0;
				TARGETED_DEVICE_FAMILY = "1,2";
			};
			name = Debug;
		};
		BDD0064526BBE60D00581353 /* Release */ = {
			isa = XCBuildConfiguration;
			buildSettings = {
				ASSETCATALOG_COMPILER_APPICON_NAME = AppIcon;
				ASSETCATALOG_COMPILER_GLOBAL_ACCENT_COLOR_NAME = AccentColor;
				CODE_SIGN_STYLE = Automatic;
				DEVELOPMENT_TEAM = 52Q5534KZM;
				INFOPLIST_FILE = Wine/Info.plist;
				LD_RUNPATH_SEARCH_PATHS = (
					"$(inherited)",
					"@executable_path/Frameworks",
				);
				PRODUCT_BUNDLE_IDENTIFIER = galina.Wine;
				PRODUCT_NAME = "$(TARGET_NAME)";
				SWIFT_VERSION = 5.0;
				TARGETED_DEVICE_FAMILY = "1,2";
			};
			name = Release;
		};
/* End XCBuildConfiguration section */

/* Begin XCConfigurationList section */
		BDD0062A26BBE60B00581353 /* Build configuration list for PBXProject "Wine" */ = {
			isa = XCConfigurationList;
			buildConfigurations = (
				BDD0064126BBE60D00581353 /* Debug */,
				BDD0064226BBE60D00581353 /* Release */,
			);
			defaultConfigurationIsVisible = 0;
			defaultConfigurationName = Release;
		};
		BDD0064326BBE60D00581353 /* Build configuration list for PBXNativeTarget "Wine" */ = {
			isa = XCConfigurationList;
			buildConfigurations = (
				BDD0064426BBE60D00581353 /* Debug */,
				BDD0064526BBE60D00581353 /* Release */,
			);
			defaultConfigurationIsVisible = 0;
			defaultConfigurationName = Release;
		};
/* End XCConfigurationList section */
	};
	rootObject = BDD0062726BBE60B00581353 /* Project object */;
}
